
Microsoft Visual Studio Solution File, Format Version 12.00
# Visual Studio 14
VisualStudioVersion = 14.0.23107.0
MinimumVisualStudioVersion = 10.0.40219.1
Project("{FAE04EC0-301F-11D3-BF4B-00C04F79EFBC}") = "WebAPI.OutputCache.Redis", "WebAPI.OutputCache.Redis\WebAPI.OutputCache.Redis.csproj", "{AA6D9D6A-2AB5-4BEF-980C-E14771C16E00}"
EndProject
Project("{FAE04EC0-301F-11D3-BF4B-00C04F79EFBC}") = "WebAPI.OutputCache.Redis.Tests", "WebAPI.OutputCache.Redis.Tests\WebAPI.OutputCache.Redis.Tests.csproj", "{822FD93E-7378-426E-9D38-AF4ED63E7354}"
EndProject
Global
	GlobalSection(SolutionConfigurationPlatforms) = preSolution
		Debug|Any CPU = Debug|Any CPU
		Release|Any CPU = Release|Any CPU
	EndGlobalSection
	GlobalSection(ProjectConfigurationPlatforms) = postSolution
		{AA6D9D6A-2AB5-4BEF-980C-E14771C16E00}.Debug|Any CPU.ActiveCfg = Debug|Any CPU
		{AA6D9D6A-2AB5-4BEF-980C-E14771C16E00}.Debug|Any CPU.Build.0 = Debug|Any CPU
		{AA6D9D6A-2AB5-4BEF-980C-E14771C16E00}.Release|Any CPU.ActiveCfg = Release|Any CPU
		{AA6D9D6A-2AB5-4BEF-980C-E14771C16E00}.Release|Any CPU.Build.0 = Release|Any CPU
		{822FD93E-7378-426E-9D38-AF4ED63E7354}.Debug|Any CPU.ActiveCfg = Debug|Any CPU
		{822FD93E-7378-426E-9D38-AF4ED63E7354}.Debug|Any CPU.Build.0 = Debug|Any CPU
		{822FD93E-7378-426E-9D38-AF4ED63E7354}.Release|Any CPU.ActiveCfg = Release|Any CPU
		{822FD93E-7378-426E-9D38-AF4ED63E7354}.Release|Any CPU.Build.0 = Release|Any CPU
	EndGlobalSection
	GlobalSection(SolutionProperties) = preSolution
		HideSolutionNode = FALSE
	EndGlobalSection
EndGlobal
